
Microsoft Visual Studio Solution File, Format Version 12.00
# Visual Studio Version 17
VisualStudioVersion = 17.0.31903.59
MinimumVisualStudioVersion = 10.0.40219.1
Project("{FAE04EC0-301F-11D3-BF4B-00C04F79EFBC}") = "TorrentBot.Contracts", "TorrentBot.Contracts\TorrentBot.Contracts.csproj", "{8D3D2049-1729-409B-895B-DFB511D8F905}"
EndProject
Project("{FAE04EC0-301F-11D3-BF4B-00C04F79EFBC}") = "TorrentBot.Engine", "TorrentBot.Engine\TorrentBot.Engine.csproj", "{EEBE139A-A818-4306-9FC0-BE2A8E9E1A0F}"
EndProject
Project("{FAE04EC0-301F-11D3-BF4B-00C04F79EFBC}") = "TorrentBot.Engine.Tests", "TorrentBot.Engine.Tests\TorrentBot.Engine.Tests.csproj", "{3C630E09-EE87-4A3D-B40E-1A07BF063A4A}"
EndProject
Project("{FAE04EC0-301F-11D3-BF4B-00C04F79EFBC}") = "TorrentBot.Plugins.System", "TorrentBot.Plugins.System\TorrentBot.Plugins.System.csproj", "{3617843D-CF30-4388-80C0-19FD662D8D2B}"
EndProject
Project("{FAE04EC0-301F-11D3-BF4B-00C04F79EFBC}") = "TorrentBot.Adapters.Cli", "TorrentBot.Adapters.Cli\TorrentBot.Adapters.Cli.csproj", "{9FC087AF-0928-4624-95D0-5B13B662B37B}"
EndProject
Project("{FAE04EC0-301F-11D3-BF4B-00C04F79EFBC}") = "TorrentBot.Query", "TorrentBot.Query\TorrentBot.Query.csproj", "{594AA2B3-1B3E-462B-9268-B9D5A0E963E6}"
EndProject
Project("{FAE04EC0-301F-11D3-BF4B-00C04F79EFBC}") = "TorrentBot.Acl", "TorrentBot.Acl\TorrentBot.Acl.csproj", "{53CD02FE-2611-4FA7-AA37-4EDF83E9BE12}"
EndProject
Project("{FAE04EC0-301F-11D3-BF4B-00C04F79EFBC}") = "TorrentBot.Integrations", "TorrentBot.Integrations\TorrentBot.Integrations.csproj", "{8D8AFF39-7798-4ED1-A65F-1AF2BCC583A9}"
EndProject
Project("{FAE04EC0-301F-11D3-BF4B-00C04F79EFBC}") = "TorrentBot.Llm", "TorrentBot.Llm\TorrentBot.Llm.csproj", "{FAB92DE0-0959-4985-9F76-C1254CB932AD}"
EndProject
Project("{FAE04EC0-301F-11D3-BF4B-00C04F79EFBC}") = "TorrentBot.Plugins.Query", "TorrentBot.Plugins.Query\TorrentBot.Plugins.Query.csproj", "{102B6C72-7527-4879-A56B-4ECB2D09FBA9}"
EndProject
Project("{FAE04EC0-301F-11D3-BF4B-00C04F79EFBC}") = "TorrentBot.Plugins.Downloads", "TorrentBot.Plugins.Downloads\TorrentBot.Plugins.Downloads.csproj", "{3002FD08-6430-4A4D-8EA6-54802E47C48A}"
EndProject
Project("{FAE04EC0-301F-11D3-BF4B-00C04F79EFBC}") = "TorrentBot.Plugins.Torrent", "TorrentBot.Plugins.Torrent\TorrentBot.Plugins.Torrent.csproj", "{FACE70E0-9D74-474D-926C-4A8BAA538DDA}"
EndProject
Project("{FAE04EC0-301F-11D3-BF4B-00C04F79EFBC}") = "TorrentBot.Plugins.Media", "TorrentBot.Plugins.Media\TorrentBot.Plugins.Media.csproj", "{019BF78B-00A0-4DA8-AD73-1173F951CF99}"
EndProject
Project("{FAE04EC0-301F-11D3-BF4B-00C04F79EFBC}") = "TorrentBot.Adapters.Telegram", "TorrentBot.Adapters.Telegram\TorrentBot.Adapters.Telegram.csproj", "{52C60D81-961C-49A5-A189-1E41ABB7A7C2}"
EndProject
Project("{FAE04EC0-301F-11D3-BF4B-00C04F79EFBC}") = "TorrentBot.Plugins.Surveillance", "TorrentBot.Plugins.Surveillance\TorrentBot.Plugins.Surveillance.csproj", "{9E7B8718-7B9C-4ED5-99F4-70F0774D3146}"
EndProject
Project("{FAE04EC0-301F-11D3-BF4B-00C04F79EFBC}") = "TorrentBot.Plugins.BotControl", "TorrentBot.Plugins.BotControl\TorrentBot.Plugins.BotControl.csproj", "{84A93AA9-E49F-4E8E-8228-39368BAA33F4}"
EndProject
Project("{FAE04EC0-301F-11D3-BF4B-00C04F79EFBC}") = "TorrentBot.Bootstrap", "TorrentBot.Bootstrap\TorrentBot.Bootstrap.csproj", "{73B57837-A651-4CA4-9F97-B78377183406}"
EndProject
Project("{FAE04EC0-301F-11D3-BF4B-00C04F79EFBC}") = "TorrentBot.Adapters.Telegram.Host", "TorrentBot.Adapters.Telegram.Host\TorrentBot.Adapters.Telegram.Host.csproj", "{C6A32B73-C9FD-40FE-9B30-FF29FB09B70F}"
EndProject
Project("{FAE04EC0-301F-11D3-BF4B-00C04F79EFBC}") = "TorrentBot.Plugins.Jobs", "TorrentBot.Plugins.Jobs\TorrentBot.Plugins.Jobs.csproj", "{8D154C63-44A7-46D0-951F-A5F810CF2012}"
EndProject
Project("{FAE04EC0-301F-11D3-BF4B-00C04F79EFBC}") = "TorrentBot.Presentation", "TorrentBot.Presentation\TorrentBot.Presentation.csproj", "{E5FDE424-DF8B-4CD4-959E-F1BFFB922CE2}"
EndProject
Global
	GlobalSection(SolutionConfigurationPlatforms) = preSolution
		Debug|Any CPU = Debug|Any CPU
		Debug|x64 = Debug|x64
		Debug|x86 = Debug|x86
		Release|Any CPU = Release|Any CPU
		Release|x64 = Release|x64
		Release|x86 = Release|x86
	EndGlobalSection
	GlobalSection(ProjectConfigurationPlatforms) = postSolution
		{8D3D2049-1729-409B-895B-DFB511D8F905}.Debug|Any CPU.ActiveCfg = Debug|Any CPU
		{8D3D2049-1729-409B-895B-DFB511D8F905}.Debug|Any CPU.Build.0 = Debug|Any CPU
		{8D3D2049-1729-409B-895B-DFB511D8F905}.Debug|x64.ActiveCfg = Debug|Any CPU
		{8D3D2049-1729-409B-895B-DFB511D8F905}.Debug|x64.Build.0 = Debug|Any CPU
		{8D3D2049-1729-409B-895B-DFB511D8F905}.Debug|x86.ActiveCfg = Debug|Any CPU
		{8D3D2049-1729-409B-895B-DFB511D8F905}.Debug|x86.Build.0 = Debug|Any CPU
		{8D3D2049-1729-409B-895B-DFB511D8F905}.Release|Any CPU.ActiveCfg = Release|Any CPU
		{8D3D2049-1729-409B-895B-DFB511D8F905}.Release|Any CPU.Build.0 = Release|Any CPU
		{8D3D2049-1729-409B-895B-DFB511D8F905}.Release|x64.ActiveCfg = Release|Any CPU
		{8D3D2049-1729-409B-895B-DFB511D8F905}.Release|x64.Build.0 = Release|Any CPU
		{8D3D2049-1729-409B-895B-DFB511D8F905}.Release|x86.ActiveCfg = Release|Any CPU
		{8D3D2049-1729-409B-895B-DFB511D8F905}.Release|x86.Build.0 = Release|Any CPU
		{EEBE139A-A818-4306-9FC0-BE2A8E9E1A0F}.Debug|Any CPU.ActiveCfg = Debug|Any CPU
		{EEBE139A-A818-4306-9FC0-BE2A8E9E1A0F}.Debug|Any CPU.Build.0 = Debug|Any CPU
		{EEBE139A-A818-4306-9FC0-BE2A8E9E1A0F}.Debug|x64.ActiveCfg = Debug|Any CPU
		{EEBE139A-A818-4306-9FC0-BE2A8E9E1A0F}.Debug|x64.Build.0 = Debug|Any CPU
		{EEBE139A-A818-4306-9FC0-BE2A8E9E1A0F}.Debug|x86.ActiveCfg = Debug|Any CPU
		{EEBE139A-A818-4306-9FC0-BE2A8E9E1A0F}.Debug|x86.Build.0 = Debug|Any CPU
		{EEBE139A-A818-4306-9FC0-BE2A8E9E1A0F}.Release|Any CPU.ActiveCfg = Release|Any CPU
		{EEBE139A-A818-4306-9FC0-BE2A8E9E1A0F}.Release|Any CPU.Build.0 = Release|Any CPU
		{EEBE139A-A818-4306-9FC0-BE2A8E9E1A0F}.Release|x64.ActiveCfg = Release|Any CPU
		{EEBE139A-A818-4306-9FC0-BE2A8E9E1A0F}.Release|x64.Build.0 = Release|Any CPU
		{EEBE139A-A818-4306-9FC0-BE2A8E9E1A0F}.Release|x86.ActiveCfg = Release|Any CPU
		{EEBE139A-A818-4306-9FC0-BE2A8E9E1A0F}.Release|x86.Build.0 = Release|Any CPU
		{3C630E09-EE87-4A3D-B40E-1A07BF063A4A}.Debug|Any CPU.ActiveCfg = Debug|Any CPU
		{3C630E09-EE87-4A3D-B40E-1A07BF063A4A}.Debug|Any CPU.Build.0 = Debug|Any CPU
		{3C630E09-EE87-4A3D-B40E-1A07BF063A4A}.Debug|x64.ActiveCfg = Debug|Any CPU
		{3C630E09-EE87-4A3D-B40E-1A07BF063A4A}.Debug|x64.Build.0 = Debug|Any CPU
		{3C630E09-EE87-4A3D-B40E-1A07BF063A4A}.Debug|x86.ActiveCfg = Debug|Any CPU
		{3C630E09-EE87-4A3D-B40E-1A07BF063A4A}.Debug|x86.Build.0 = Debug|Any CPU
		{3C630E09-EE87-4A3D-B40E-1A07BF063A4A}.Release|Any CPU.ActiveCfg = Release|Any CPU
		{3C630E09-EE87-4A3D-B40E-1A07BF063A4A}.Release|Any CPU.Build.0 = Release|Any CPU
		{3C630E09-EE87-4A3D-B40E-1A07BF063A4A}.Release|x64.ActiveCfg = Release|Any CPU
		{3C630E09-EE87-4A3D-B40E-1A07BF063A4A}.Release|x64.Build.0 = Release|Any CPU
		{3C630E09-EE87-4A3D-B40E-1A07BF063A4A}.Release|x86.ActiveCfg = Release|Any CPU
		{3C630E09-EE87-4A3D-B40E-1A07BF063A4A}.Release|x86.Build.0 = Release|Any CPU
		{3617843D-CF30-4388-80C0-19FD662D8D2B}.Debug|Any CPU.ActiveCfg = Debug|Any CPU
		{3617843D-CF30-4388-80C0-19FD662D8D2B}.Debug|Any CPU.Build.0 = Debug|Any CPU
		{3617843D-CF30-4388-80C0-19FD662D8D2B}.Debug|x64.ActiveCfg = Debug|Any CPU
		{3617843D-CF30-4388-80C0-19FD662D8D2B}.Debug|x64.Build.0 = Debug|Any CPU
		{3617843D-CF30-4388-80C0-19FD662D8D2B}.Debug|x86.ActiveCfg = Debug|Any CPU
		{3617843D-CF30-4388-80C0-19FD662D8D2B}.Debug|x86.Build.0 = Debug|Any CPU
		{3617843D-CF30-4388-80C0-19FD662D8D2B}.Release|Any CPU.ActiveCfg = Release|Any CPU
		{3617843D-CF30-4388-80C0-19FD662D8D2B}.Release|Any CPU.Build.0 = Release|Any CPU
		{3617843D-CF30-4388-80C0-19FD662D8D2B}.Release|x64.ActiveCfg = Release|Any CPU
		{3617843D-CF30-4388-80C0-19FD662D8D2B}.Release|x64.Build.0 = Release|Any CPU
		{3617843D-CF30-4388-80C0-19FD662D8D2B}.Release|x86.ActiveCfg = Release|Any CPU
		{3617843D-CF30-4388-80C0-19FD662D8D2B}.Release|x86.Build.0 = Release|Any CPU
		{9FC087AF-0928-4624-95D0-5B13B662B37B}.Debug|Any CPU.ActiveCfg = Debug|Any CPU
		{9FC087AF-0928-4624-95D0-5B13B662B37B}.Debug|Any CPU.Build.0 = Debug|Any CPU
		{9FC087AF-0928-4624-95D0-5B13B662B37B}.Debug|x64.ActiveCfg = Debug|Any CPU
		{9FC087AF-0928-4624-95D0-5B13B662B37B}.Debug|x64.Build.0 = Debug|Any CPU
		{9FC087AF-0928-4624-95D0-5B13B662B37B}.Debug|x86.ActiveCfg = Debug|Any CPU
		{9FC087AF-0928-4624-95D0-5B13B662B37B}.Debug|x86.Build.0 = Debug|Any CPU
		{9FC087AF-0928-4624-95D0-5B13B662B37B}.Release|Any CPU.ActiveCfg = Release|Any CPU
		{9FC087AF-0928-4624-95D0-5B13B662B37B}.Release|Any CPU.Build.0 = Release|Any CPU
		{9FC087AF-0928-4624-95D0-5B13B662B37B}.Release|x64.ActiveCfg = Release|Any CPU
		{9FC087AF-0928-4624-95D0-5B13B662B37B}.Release|x64.Build.0 = Release|Any CPU
		{9FC087AF-0928-4624-95D0-5B13B662B37B}.Release|x86.ActiveCfg = Release|Any CPU
		{9FC087AF-0928-4624-95D0-5B13B662B37B}.Release|x86.Build.0 = Release|Any CPU
		{594AA2B3-1B3E-462B-9268-B9D5A0E963E6}.Debug|Any CPU.ActiveCfg = Debug|Any CPU
		{594AA2B3-1B3E-462B-9268-B9D5A0E963E6}.Debug|Any CPU.Build.0 = Debug|Any CPU
		{594AA2B3-1B3E-462B-9268-B9D5A0E963E6}.Debug|x64.ActiveCfg = Debug|Any CPU
		{594AA2B3-1B3E-462B-9268-B9D5A0E963E6}.Debug|x64.Build.0 = Debug|Any CPU
		{594AA2B3-1B3E-462B-9268-B9D5A0E963E6}.Debug|x86.ActiveCfg = Debug|Any CPU
		{594AA2B3-1B3E-462B-9268-B9D5A0E963E6}.Debug|x86.Build.0 = Debug|Any CPU
		{594AA2B3-1B3E-462B-9268-B9D5A0E963E6}.Release|Any CPU.ActiveCfg = Release|Any CPU
		{594AA2B3-1B3E-462B-9268-B9D5A0E963E6}.Release|Any CPU.Build.0 = Release|Any CPU
		{594AA2B3-1B3E-462B-9268-B9D5A0E963E6}.Release|x64.ActiveCfg = Release|Any CPU
		{594AA2B3-1B3E-462B-9268-B9D5A0E963E6}.Release|x64.Build.0 = Release|Any CPU
		{594AA2B3-1B3E-462B-9268-B9D5A0E963E6}.Release|x86.ActiveCfg = Release|Any CPU
		{594AA2B3-1B3E-462B-9268-B9D5A0E963E6}.Release|x86.Build.0 = Release|Any CPU
		{53CD02FE-2611-4FA7-AA37-4EDF83E9BE12}.Debug|Any CPU.ActiveCfg = Debug|Any CPU
		{53CD02FE-2611-4FA7-AA37-4EDF83E9BE12}.Debug|Any CPU.Build.0 = Debug|Any CPU
		{53CD02FE-2611-4FA7-AA37-4EDF83E9BE12}.Debug|x64.ActiveCfg = Debug|Any CPU
		{53CD02FE-2611-4FA7-AA37-4EDF83E9BE12}.Debug|x64.Build.0 = Debug|Any CPU
		{53CD02FE-2611-4FA7-AA37-4EDF83E9BE12}.Debug|x86.ActiveCfg = Debug|Any CPU
		{53CD02FE-2611-4FA7-AA37-4EDF83E9BE12}.Debug|x86.Build.0 = Debug|Any CPU
		{53CD02FE-2611-4FA7-AA37-4EDF83E9BE12}.Release|Any CPU.ActiveCfg = Release|Any CPU
		{53CD02FE-2611-4FA7-AA37-4EDF83E9BE12}.Release|Any CPU.Build.0 = Release|Any CPU
		{53CD02FE-2611-4FA7-AA37-4EDF83E9BE12}.Release|x64.ActiveCfg = Release|Any CPU
		{53CD02FE-2611-4FA7-AA37-4EDF83E9BE12}.Release|x64.Build.0 = Release|Any CPU
		{53CD02FE-2611-4FA7-AA37-4EDF83E9BE12}.Release|x86.ActiveCfg = Release|Any CPU
		{53CD02FE-2611-4FA7-AA37-4EDF83E9BE12}.Release|x86.Build.0 = Release|Any CPU
		{8D8AFF39-7798-4ED1-A65F-1AF2BCC583A9}.Debug|Any CPU.ActiveCfg = Debug|Any CPU
		{8D8AFF39-7798-4ED1-A65F-1AF2BCC583A9}.Debug|Any CPU.Build.0 = Debug|Any CPU
		{8D8AFF39-7798-4ED1-A65F-1AF2BCC583A9}.Debug|x64.ActiveCfg = Debug|Any CPU
		{8D8AFF39-7798-4ED1-A65F-1AF2BCC583A9}.Debug|x64.Build.0 = Debug|Any CPU
		{8D8AFF39-7798-4ED1-A65F-1AF2BCC583A9}.Debug|x86.ActiveCfg = Debug|Any CPU
		{8D8AFF39-7798-4ED1-A65F-1AF2BCC583A9}.Debug|x86.Build.0 = Debug|Any CPU
		{8D8AFF39-7798-4ED1-A65F-1AF2BCC583A9}.Release|Any CPU.ActiveCfg = Release|Any CPU
		{8D8AFF39-7798-4ED1-A65F-1AF2BCC583A9}.Release|Any CPU.Build.0 = Release|Any CPU
		{8D8AFF39-7798-4ED1-A65F-1AF2BCC583A9}.Release|x64.ActiveCfg = Release|Any CPU
		{8D8AFF39-7798-4ED1-A65F-1AF2BCC583A9}.Release|x64.Build.0 = Release|Any CPU
		{8D8AFF39-7798-4ED1-A65F-1AF2BCC583A9}.Release|x86.ActiveCfg = Release|Any CPU
		{8D8AFF39-7798-4ED1-A65F-1AF2BCC583A9}.Release|x86.Build.0 = Release|Any CPU
		{FAB92DE0-0959-4985-9F76-C1254CB932AD}.Debug|Any CPU.ActiveCfg = Debug|Any CPU
		{FAB92DE0-0959-4985-9F76-C1254CB932AD}.Debug|Any CPU.Build.0 = Debug|Any CPU
		{FAB92DE0-0959-4985-9F76-C1254CB932AD}.Debug|x64.ActiveCfg = Debug|Any CPU
		{FAB92DE0-0959-4985-9F76-C1254CB932AD}.Debug|x64.Build.0 = Debug|Any CPU
		{FAB92DE0-0959-4985-9F76-C1254CB932AD}.Debug|x86.ActiveCfg = Debug|Any CPU
		{FAB92DE0-0959-4985-9F76-C1254CB932AD}.Debug|x86.Build.0 = Debug|Any CPU
		{FAB92DE0-0959-4985-9F76-C1254CB932AD}.Release|Any CPU.ActiveCfg = Release|Any CPU
		{FAB92DE0-0959-4985-9F76-C1254CB932AD}.Release|Any CPU.Build.0 = Release|Any CPU
		{FAB92DE0-0959-4985-9F76-C1254CB932AD}.Release|x64.ActiveCfg = Release|Any CPU
		{FAB92DE0-0959-4985-9F76-C1254CB932AD}.Release|x64.Build.0 = Release|Any CPU
		{FAB92DE0-0959-4985-9F76-C1254CB932AD}.Release|x86.ActiveCfg = Release|Any CPU
		{FAB92DE0-0959-4985-9F76-C1254CB932AD}.Release|x86.Build.0 = Release|Any CPU
		{102B6C72-7527-4879-A56B-4ECB2D09FBA9}.Debug|Any CPU.ActiveCfg = Debug|Any CPU
		{102B6C72-7527-4879-A56B-4ECB2D09FBA9}.Debug|Any CPU.Build.0 = Debug|Any CPU
		{102B6C72-7527-4879-A56B-4ECB2D09FBA9}.Debug|x64.ActiveCfg = Debug|Any CPU
		{102B6C72-7527-4879-A56B-4ECB2D09FBA9}.Debug|x64.Build.0 = Debug|Any CPU
		{102B6C72-7527-4879-A56B-4ECB2D09FBA9}.Debug|x86.ActiveCfg = Debug|Any CPU
		{102B6C72-7527-4879-A56B-4ECB2D09FBA9}.Debug|x86.Build.0 = Debug|Any CPU
		{102B6C72-7527-4879-A56B-4ECB2D09FBA9}.Release|Any CPU.ActiveCfg = Release|Any CPU
		{102B6C72-7527-4879-A56B-4ECB2D09FBA9}.Release|Any CPU.Build.0 = Release|Any CPU
		{102B6C72-7527-4879-A56B-4ECB2D09FBA9}.Release|x64.ActiveCfg = Release|Any CPU
		{102B6C72-7527-4879-A56B-4ECB2D09FBA9}.Release|x64.Build.0 = Release|Any CPU
		{102B6C72-7527-4879-A56B-4ECB2D09FBA9}.Release|x86.ActiveCfg = Release|Any CPU
		{102B6C72-7527-4879-A56B-4ECB2D09FBA9}.Release|x86.Build.0 = Release|Any CPU
		{3002FD08-6430-4A4D-8EA6-54802E47C48A}.Debug|Any CPU.ActiveCfg = Debug|Any CPU
		{3002FD08-6430-4A4D-8EA6-54802E47C48A}.Debug|Any CPU.Build.0 = Debug|Any CPU
		{3002FD08-6430-4A4D-8EA6-54802E47C48A}.Debug|x64.ActiveCfg = Debug|Any CPU
		{3002FD08-6430-4A4D-8EA6-54802E47C48A}.Debug|x64.Build.0 = Debug|Any CPU
		{3002FD08-6430-4A4D-8EA6-54802E47C48A}.Debug|x86.ActiveCfg = Debug|Any CPU
		{3002FD08-6430-4A4D-8EA6-54802E47C48A}.Debug|x86.Build.0 = Debug|Any CPU
		{3002FD08-6430-4A4D-8EA6-54802E47C48A}.Release|Any CPU.ActiveCfg = Release|Any CPU
		{3002FD08-6430-4A4D-8EA6-54802E47C48A}.Release|Any CPU.Build.0 = Release|Any CPU
		{3002FD08-6430-4A4D-8EA6-54802E47C48A}.Release|x64.ActiveCfg = Release|Any CPU
		{3002FD08-6430-4A4D-8EA6-54802E47C48A}.Release|x64.Build.0 = Release|Any CPU
		{3002FD08-6430-4A4D-8EA6-54802E47C48A}.Release|x86.ActiveCfg = Release|Any CPU
		{3002FD08-6430-4A4D-8EA6-54802E47C48A}.Release|x86.Build.0 = Release|Any CPU
		{FACE70E0-9D74-474D-926C-4A8BAA538DDA}.Debug|Any CPU.ActiveCfg = Debug|Any CPU
		{FACE70E0-9D74-474D-926C-4A8BAA538DDA}.Debug|Any CPU.Build.0 = Debug|Any CPU
		{FACE70E0-9D74-474D-926C-4A8BAA538DDA}.Debug|x64.ActiveCfg = Debug|Any CPU
		{FACE70E0-9D74-474D-926C-4A8BAA538DDA}.Debug|x64.Build.0 = Debug|Any CPU
		{FACE70E0-9D74-474D-926C-4A8BAA538DDA}.Debug|x86.ActiveCfg = Debug|Any CPU
		{FACE70E0-9D74-474D-926C-4A8BAA538DDA}.Debug|x86.Build.0 = Debug|Any CPU
		{FACE70E0-9D74-474D-926C-4A8BAA538DDA}.Release|Any CPU.ActiveCfg = Release|Any CPU
		{FACE70E0-9D74-474D-926C-4A8BAA538DDA}.Release|Any CPU.Build.0 = Release|Any CPU
		{FACE70E0-9D74-474D-926C-4A8BAA538DDA}.Release|x64.ActiveCfg = Release|Any CPU
		{FACE70E0-9D74-474D-926C-4A8BAA538DDA}.Release|x64.Build.0 = Release|Any CPU
		{FACE70E0-9D74-474D-926C-4A8BAA538DDA}.Release|x86.ActiveCfg = Release|Any CPU
		{FACE70E0-9D74-474D-926C-4A8BAA538DDA}.Release|x86.Build.0 = Release|Any CPU
		{019BF78B-00A0-4DA8-AD73-1173F951CF99}.Debug|Any CPU.ActiveCfg = Debug|Any CPU
		{019BF78B-00A0-4DA8-AD73-1173F951CF99}.Debug|Any CPU.Build.0 = Debug|Any CPU
		{019BF78B-00A0-4DA8-AD73-1173F951CF99}.Debug|x64.ActiveCfg = Debug|Any CPU
		{019BF78B-00A0-4DA8-AD73-1173F951CF99}.Debug|x64.Build.0 = Debug|Any CPU
		{019BF78B-00A0-4DA8-AD73-1173F951CF99}.Debug|x86.ActiveCfg = Debug|Any CPU
		{019BF78B-00A0-4DA8-AD73-1173F951CF99}.Debug|x86.Build.0 = Debug|Any CPU
		{019BF78B-00A0-4DA8-AD73-1173F951CF99}.Release|Any CPU.ActiveCfg = Release|Any CPU
		{019BF78B-00A0-4DA8-AD73-1173F951CF99}.Release|Any CPU.Build.0 = Release|Any CPU
		{019BF78B-00A0-4DA8-AD73-1173F951CF99}.Release|x64.ActiveCfg = Release|Any CPU
		{019BF78B-00A0-4DA8-AD73-1173F951CF99}.Release|x64.Build.0 = Release|Any CPU
		{019BF78B-00A0-4DA8-AD73-1173F951CF99}.Release|x86.ActiveCfg = Release|Any CPU
		{019BF78B-00A0-4DA8-AD73-1173F951CF99}.Release|x86.Build.0 = Release|Any CPU
		{52C60D81-961C-49A5-A189-1E41ABB7A7C2}.Debug|Any CPU.ActiveCfg = Debug|Any CPU
		{52C60D81-961C-49A5-A189-1E41ABB7A7C2}.Debug|Any CPU.Build.0 = Debug|Any CPU
		{52C60D81-961C-49A5-A189-1E41ABB7A7C2}.Debug|x64.ActiveCfg = Debug|Any CPU
		{52C60D81-961C-49A5-A189-1E41ABB7A7C2}.Debug|x64.Build.0 = Debug|Any CPU
		{52C60D81-961C-49A5-A189-1E41ABB7A7C2}.Debug|x86.ActiveCfg = Debug|Any CPU
		{52C60D81-961C-49A5-A189-1E41ABB7A7C2}.Debug|x86.Build.0 = Debug|Any CPU
		{52C60D81-961C-49A5-A189-1E41ABB7A7C2}.Release|Any CPU.ActiveCfg = Release|Any CPU
		{52C60D81-961C-49A5-A189-1E41ABB7A7C2}.Release|Any CPU.Build.0 = Release|Any CPU
		{52C60D81-961C-49A5-A189-1E41ABB7A7C2}.Release|x64.ActiveCfg = Release|Any CPU
		{52C60D81-961C-49A5-A189-1E41ABB7A7C2}.Release|x64.Build.0 = Release|Any CPU
		{52C60D81-961C-49A5-A189-1E41ABB7A7C2}.Release|x86.ActiveCfg = Release|Any CPU
		{52C60D81-961C-49A5-A189-1E41ABB7A7C2}.Release|x86.Build.0 = Release|Any CPU
		{9E7B8718-7B9C-4ED5-99F4-70F0774D3146}.Debug|Any CPU.ActiveCfg = Debug|Any CPU
		{9E7B8718-7B9C-4ED5-99F4-70F0774D3146}.Debug|Any CPU.Build.0 = Debug|Any CPU
		{9E7B8718-7B9C-4ED5-99F4-70F0774D3146}.Debug|x64.ActiveCfg = Debug|Any CPU
		{9E7B8718-7B9C-4ED5-99F4-70F0774D3146}.Debug|x64.Build.0 = Debug|Any CPU
		{9E7B8718-7B9C-4ED5-99F4-70F0774D3146}.Debug|x86.ActiveCfg = Debug|Any CPU
		{9E7B8718-7B9C-4ED5-99F4-70F0774D3146}.Debug|x86.Build.0 = Debug|Any CPU
		{9E7B8718-7B9C-4ED5-99F4-70F0774D3146}.Release|Any CPU.ActiveCfg = Release|Any CPU
		{9E7B8718-7B9C-4ED5-99F4-70F0774D3146}.Release|Any CPU.Build.0 = Release|Any CPU
		{9E7B8718-7B9C-4ED5-99F4-70F0774D3146}.Release|x64.ActiveCfg = Release|Any CPU
		{9E7B8718-7B9C-4ED5-99F4-70F0774D3146}.Release|x64.Build.0 = Release|Any CPU
		{9E7B8718-7B9C-4ED5-99F4-70F0774D3146}.Release|x86.ActiveCfg = Release|Any CPU
		{9E7B8718-7B9C-4ED5-99F4-70F0774D3146}.Release|x86.Build.0 = Release|Any CPU
		{84A93AA9-E49F-4E8E-8228-39368BAA33F4}.Debug|Any CPU.ActiveCfg = Debug|Any CPU
		{84A93AA9-E49F-4E8E-8228-39368BAA33F4}.Debug|Any CPU.Build.0 = Debug|Any CPU
		{84A93AA9-E49F-4E8E-8228-39368BAA33F4}.Debug|x64.ActiveCfg = Debug|Any CPU
		{84A93AA9-E49F-4E8E-8228-39368BAA33F4}.Debug|x64.Build.0 = Debug|Any CPU
		{84A93AA9-E49F-4E8E-8228-39368BAA33F4}.Debug|x86.ActiveCfg = Debug|Any CPU
		{84A93AA9-E49F-4E8E-8228-39368BAA33F4}.Debug|x86.Build.0 = Debug|Any CPU
		{84A93AA9-E49F-4E8E-8228-39368BAA33F4}.Release|Any CPU.ActiveCfg = Release|Any CPU
		{84A93AA9-E49F-4E8E-8228-39368BAA33F4}.Release|Any CPU.Build.0 = Release|Any CPU
		{84A93AA9-E49F-4E8E-8228-39368BAA33F4}.Release|x64.ActiveCfg = Release|Any CPU
		{84A93AA9-E49F-4E8E-8228-39368BAA33F4}.Release|x64.Build.0 = Release|Any CPU
		{84A93AA9-E49F-4E8E-8228-39368BAA33F4}.Release|x86.ActiveCfg = Release|Any CPU
		{84A93AA9-E49F-4E8E-8228-39368BAA33F4}.Release|x86.Build.0 = Release|Any CPU
		{73B57837-A651-4CA4-9F97-B78377183406}.Debug|Any CPU.ActiveCfg = Debug|Any CPU
		{73B57837-A651-4CA4-9F97-B78377183406}.Debug|Any CPU.Build.0 = Debug|Any CPU
		{73B57837-A651-4CA4-9F97-B78377183406}.Debug|x64.ActiveCfg = Debug|Any CPU
		{73B57837-A651-4CA4-9F97-B78377183406}.Debug|x64.Build.0 = Debug|Any CPU
		{73B57837-A651-4CA4-9F97-B78377183406}.Debug|x86.ActiveCfg = Debug|Any CPU
		{73B57837-A651-4CA4-9F97-B78377183406}.Debug|x86.Build.0 = Debug|Any CPU
		{73B57837-A651-4CA4-9F97-B78377183406}.Release|Any CPU.ActiveCfg = Release|Any CPU
		{73B57837-A651-4CA4-9F97-B78377183406}.Release|Any CPU.Build.0 = Release|Any CPU
		{73B57837-A651-4CA4-9F97-B78377183406}.Release|x64.ActiveCfg = Release|Any CPU
		{73B57837-A651-4CA4-9F97-B78377183406}.Release|x64.Build.0 = Release|Any CPU
		{73B57837-A651-4CA4-9F97-B78377183406}.Release|x86.ActiveCfg = Release|Any CPU
		{73B57837-A651-4CA4-9F97-B78377183406}.Release|x86.Build.0 = Release|Any CPU
		{C6A32B73-C9FD-40FE-9B30-FF29FB09B70F}.Debug|Any CPU.ActiveCfg = Debug|Any CPU
		{C6A32B73-C9FD-40FE-9B30-FF29FB09B70F}.Debug|Any CPU.Build.0 = Debug|Any CPU
		{C6A32B73-C9FD-40FE-9B30-FF29FB09B70F}.Debug|x64.ActiveCfg = Debug|Any CPU
		{C6A32B73-C9FD-40FE-9B30-FF29FB09B70F}.Debug|x64.Build.0 = Debug|Any CPU
		{C6A32B73-C9FD-40FE-9B30-FF29FB09B70F}.Debug|x86.ActiveCfg = Debug|Any CPU
		{C6A32B73-C9FD-40FE-9B30-FF29FB09B70F}.Debug|x86.Build.0 = Debug|Any CPU
		{C6A32B73-C9FD-40FE-9B30-FF29FB09B70F}.Release|Any CPU.ActiveCfg = Release|Any CPU
		{C6A32B73-C9FD-40FE-9B30-FF29FB09B70F}.Release|Any CPU.Build.0 = Release|Any CPU
		{C6A32B73-C9FD-40FE-9B30-FF29FB09B70F}.Release|x64.ActiveCfg = Release|Any CPU
		{C6A32B73-C9FD-40FE-9B30-FF29FB09B70F}.Release|x64.Build.0 = Release|Any CPU
		{C6A32B73-C9FD-40FE-9B30-FF29FB09B70F}.Release|x86.ActiveCfg = Release|Any CPU
		{C6A32B73-C9FD-40FE-9B30-FF29FB09B70F}.Release|x86.Build.0 = Release|Any CPU
		{8D154C63-44A7-46D0-951F-A5F810CF2012}.Debug|Any CPU.ActiveCfg = Debug|Any CPU
		{8D154C63-44A7-46D0-951F-A5F810CF2012}.Debug|Any CPU.Build.0 = Debug|Any CPU
		{8D154C63-44A7-46D0-951F-A5F810CF2012}.Debug|x64.ActiveCfg = Debug|Any CPU
		{8D154C63-44A7-46D0-951F-A5F810CF2012}.Debug|x64.Build.0 = Debug|Any CPU
		{8D154C63-44A7-46D0-951F-A5F810CF2012}.Debug|x86.ActiveCfg = Debug|Any CPU
		{8D154C63-44A7-46D0-951F-A5F810CF2012}.Debug|x86.Build.0 = Debug|Any CPU
		{8D154C63-44A7-46D0-951F-A5F810CF2012}.Release|Any CPU.ActiveCfg = Release|Any CPU
		{8D154C63-44A7-46D0-951F-A5F810CF2012}.Release|Any CPU.Build.0 = Release|Any CPU
		{8D154C63-44A7-46D0-951F-A5F810CF2012}.Release|x64.ActiveCfg = Release|Any CPU
		{8D154C63-44A7-46D0-951F-A5F810CF2012}.Release|x64.Build.0 = Release|Any CPU
		{8D154C63-44A7-46D0-951F-A5F810CF2012}.Release|x86.ActiveCfg = Release|Any CPU
		{8D154C63-44A7-46D0-951F-A5F810CF2012}.Release|x86.Build.0 = Release|Any CPU
		{E5FDE424-DF8B-4CD4-959E-F1BFFB922CE2}.Debug|Any CPU.ActiveCfg = Debug|Any CPU
		{E5FDE424-DF8B-4CD4-959E-F1BFFB922CE2}.Debug|Any CPU.Build.0 = Debug|Any CPU
		{E5FDE424-DF8B-4CD4-959E-F1BFFB922CE2}.Debug|x64.ActiveCfg = Debug|Any CPU
		{E5FDE424-DF8B-4CD4-959E-F1BFFB922CE2}.Debug|x64.Build.0 = Debug|Any CPU
		{E5FDE424-DF8B-4CD4-959E-F1BFFB922CE2}.Debug|x86.ActiveCfg = Debug|Any CPU
		{E5FDE424-DF8B-4CD4-959E-F1BFFB922CE2}.Debug|x86.Build.0 = Debug|Any CPU
		{E5FDE424-DF8B-4CD4-959E-F1BFFB922CE2}.Release|Any CPU.ActiveCfg = Release|Any CPU
		{E5FDE424-DF8B-4CD4-959E-F1BFFB922CE2}.Release|Any CPU.Build.0 = Release|Any CPU
		{E5FDE424-DF8B-4CD4-959E-F1BFFB922CE2}.Release|x64.ActiveCfg = Release|Any CPU
		{E5FDE424-DF8B-4CD4-959E-F1BFFB922CE2}.Release|x64.Build.0 = Release|Any CPU
		{E5FDE424-DF8B-4CD4-959E-F1BFFB922CE2}.Release|x86.ActiveCfg = Release|Any CPU
		{E5FDE424-DF8B-4CD4-959E-F1BFFB922CE2}.Release|x86.Build.0 = Release|Any CPU
	EndGlobalSection
	GlobalSection(SolutionProperties) = preSolution
		HideSolutionNode = FALSE
	EndGlobalSection
EndGlobal
